// !$*UTF8*$!
{
	archiveVersion = 1;
	classes = {
	};
	objectVersion = 77;
	objects = {

/* Begin PBXBuildFile section */
		F04848B42D98EB0400412FE3 /* local.xcconfig in Resources */ = {isa = PBXBuildFile; fileRef = F04848B32D98EB0400412FE3 /* local.xcconfig */; };
/* End PBXBuildFile section */

/* Begin PBXContainerItemProxy section */
		F04848882D98E78D00412FE3 /* PBXContainerItemProxy */ = {
			isa = PBXContainerItemProxy;
			containerPortal = F048486F2D98E78B00412FE3 /* Project object */;
			proxyType = 1;
			remoteGlobalIDString = F04848762D98E78B00412FE3;
			remoteInfo = "learn-cam";
		};
		F04848922D98E78D00412FE3 /* PBXContainerItemProxy */ = {
			isa = PBXContainerItemProxy;
			containerPortal = F048486F2D98E78B00412FE3 /* Project object */;
			proxyType = 1;
			remoteGlobalIDString = F04848762D98E78B00412FE3;
			remoteInfo = "learn-cam";
		};
/* End PBXContainerItemProxy section */

/* Begin PBXFileReference section */
		F04848772D98E78B00412FE3 /* learn-cam.app */ = {isa = PBXFileReference; explicitFileType = wrapper.application; includeInIndex = 0; path = "learn-cam.app"; sourceTree = BUILT_PRODUCTS_DIR; };
		F04848872D98E78D00412FE3 /* learn-camTests.xctest */ = {isa = PBXFileReference; explicitFileType = wrapper.cfbundle; includeInIndex = 0; path = "learn-camTests.xctest"; sourceTree = BUILT_PRODUCTS_DIR; };
		F04848912D98E78D00412FE3 /* learn-camUITests.xctest */ = {isa = PBXFileReference; explicitFileType = wrapper.cfbundle; includeInIndex = 0; path = "learn-camUITests.xctest"; sourceTree = BUILT_PRODUCTS_DIR; };
		F04848B32D98EB0400412FE3 /* local.xcconfig */ = {isa = PBXFileReference; lastKnownFileType = text.xcconfig; path = local.xcconfig; sourceTree = "<group>"; };
/* End PBXFileReference section */

/* Begin PBXFileSystemSynchronizedRootGroup section */
		F04848792D98E78B00412FE3 /* learn-cam */ = {
			isa = PBXFileSystemSynchronizedRootGroup;
			path = "learn-cam";
			sourceTree = "<group>";
		};
		F048488A2D98E78D00412FE3 /* learn-camTests */ = {
			isa = PBXFileSystemSynchronizedRootGroup;
			path = "learn-camTests";
			sourceTree = "<group>";
		};
		F04848942D98E78D00412FE3 /* learn-camUITests */ = {
			isa = PBXFileSystemSynchronizedRootGroup;
			path = "learn-camUITests";
			sourceTree = "<group>";
		};
/* End PBXFileSystemSynchronizedRootGroup section */

/* Begin PBXFrameworksBuildPhase section */
		F04848742D98E78B00412FE3 /* Frameworks */ = {
			isa = PBXFrameworksBuildPhase;
			buildActionMask = 2147483647;
			files = (
			);
			runOnlyForDeploymentPostprocessing = 0;
		};
		F04848842D98E78D00412FE3 /* Frameworks */ = {
			isa = PBXFrameworksBuildPhase;
			buildActionMask = 2147483647;
			files = (
			);
			runOnlyForDeploymentPostprocessing = 0;
		};
		F048488E2D98E78D00412FE3 /* Frameworks */ = {
			isa = PBXFrameworksBuildPhase;
			buildActionMask = 2147483647;
			files = (
			);
			runOnlyForDeploymentPostprocessing = 0;
		};
/* End PBXFrameworksBuildPhase section */

/* Begin PBXGroup section */
		F048486E2D98E78B00412FE3 = {
			isa = PBXGroup;
			children = (
				F04848792D98E78B00412FE3 /* learn-cam */,
				F048488A2D98E78D00412FE3 /* learn-camTests */,
				F04848942D98E78D00412FE3 /* learn-camUITests */,
				F04848782D98E78B00412FE3 /* Products */,
				F04848B32D98EB0400412FE3 /* local.xcconfig */,
			);
			sourceTree = "<group>";
		};
		F04848782D98E78B00412FE3 /* Products */ = {
			isa = PBXGroup;
			children = (
				F04848772D98E78B00412FE3 /* learn-cam.app */,
				F04848872D98E78D00412FE3 /* learn-camTests.xctest */,
				F04848912D98E78D00412FE3 /* learn-camUITests.xctest */,
			);
			name = Products;
			sourceTree = "<group>";
		};
/* End PBXGroup section */

/* Begin PBXNativeTarget section */
		F04848762D98E78B00412FE3 /* learn-cam */ = {
			isa = PBXNativeTarget;
			buildConfigurationList = F048489B2D98E78D00412FE3 /* Build configuration list for PBXNativeTarget "learn-cam" */;
			buildPhases = (
				F04848732D98E78B00412FE3 /* Sources */,
				F04848742D98E78B00412FE3 /* Frameworks */,
				F04848752D98E78B00412FE3 /* Resources */,
			);
			buildRules = (
			);
			dependencies = (
			);
			fileSystemSynchronizedGroups = (
				F04848792D98E78B00412FE3 /* learn-cam */,
			);
			name = "learn-cam";
			packageProductDependencies = (
			);
			productName = "learn-cam";
			productReference = F04848772D98E78B00412FE3 /* learn-cam.app */;
			productType = "com.apple.product-type.application";
		};
		F04848862D98E78D00412FE3 /* learn-camTests */ = {
			isa = PBXNativeTarget;
			buildConfigurationList = F048489E2D98E78D00412FE3 /* Build configuration list for PBXNativeTarget "learn-camTests" */;
			buildPhases = (
				F04848832D98E78D00412FE3 /* Sources */,
				F04848842D98E78D00412FE3 /* Frameworks */,
				F04848852D98E78D00412FE3 /* Resources */,
			);
			buildRules = (
			);
			dependencies = (
				F04848892D98E78D00412FE3 /* PBXTargetDependency */,
			);
			fileSystemSynchronizedGroups = (
				F048488A2D98E78D00412FE3 /* learn-camTests */,
			);
			name = "learn-camTests";
			packageProductDependencies = (
			);
			productName = "learn-camTests";
			productReference = F04848872D98E78D00412FE3 /* learn-camTests.xctest */;
			productType = "com.apple.product-type.bundle.unit-test";
		};
		F04848902D98E78D00412FE3 /* learn-camUITests */ = {
			isa = PBXNativeTarget;
			buildConfigurationList = F04848A12D98E78D00412FE3 /* Build configuration list for PBXNativeTarget "learn-camUITests" */;
			buildPhases = (
				F048488D2D98E78D00412FE3 /* Sources */,
				F048488E2D98E78D00412FE3 /* Frameworks */,
				F048488F2D98E78D00412FE3 /* Resources */,
			);
			buildRules = (
			);
			dependencies = (
				F04848932D98E78D00412FE3 /* PBXTargetDependency */,
			);
			fileSystemSynchronizedGroups = (
				F04848942D98E78D00412FE3 /* learn-camUITests */,
			);
			name = "learn-camUITests";
			packageProductDependencies = (
			);
			productName = "learn-camUITests";
			productReference = F04848912D98E78D00412FE3 /* learn-camUITests.xctest */;
			productType = "com.apple.product-type.bundle.ui-testing";
		};
/* End PBXNativeTarget section */

/* Begin PBXProject section */
		F048486F2D98E78B00412FE3 /* Project object */ = {
			isa = PBXProject;
			attributes = {
				BuildIndependentTargetsInParallel = 1;
				LastSwiftUpdateCheck = 1620;
				LastUpgradeCheck = 1620;
				TargetAttributes = {
					F04848762D98E78B00412FE3 = {
						CreatedOnToolsVersion = 16.2;
					};
					F04848862D98E78D00412FE3 = {
						CreatedOnToolsVersion = 16.2;
						TestTargetID = F04848762D98E78B00412FE3;
					};
					F04848902D98E78D00412FE3 = {
						CreatedOnToolsVersion = 16.2;
						TestTargetID = F04848762D98E78B00412FE3;
					};
				};
			};
			buildConfigurationList = F04848722D98E78B00412FE3 /* Build configuration list for PBXProject "learn-cam" */;
			developmentRegion = en;
			hasScannedForEncodings = 0;
			knownRegions = (
				en,
				Base,
			);
			mainGroup = F048486E2D98E78B00412FE3;
			minimizedProjectReferenceProxies = 1;
			preferredProjectObjectVersion = 77;
			productRefGroup = F04848782D98E78B00412FE3 /* Products */;
			projectDirPath = "";
			projectRoot = "";
			targets = (
				F04848762D98E78B00412FE3 /* learn-cam */,
				F04848862D98E78D00412FE3 /* learn-camTests */,
				F04848902D98E78D00412FE3 /* learn-camUITests */,
			);
		};
/* End PBXProject section */

/* Begin PBXResourcesBuildPhase section */
		F04848752D98E78B00412FE3 /* Resources */ = {
			isa = PBXResourcesBuildPhase;
			buildActionMask = 2147483647;
			files = (
				F04848B42D98EB0400412FE3 /* local.xcconfig in Resources */,
			);
			runOnlyForDeploymentPostprocessing = 0;
		};
		F04848852D98E78D00412FE3 /* Resources */ = {
			isa = PBXResourcesBuildPhase;
			buildActionMask = 2147483647;
			files = (
			);
			runOnlyForDeploymentPostprocessing = 0;
		};
		F048488F2D98E78D00412FE3 /* Resources */ = {
			isa = PBXResourcesBuildPhase;
			buildActionMask = 2147483647;
			files = (
			);
			runOnlyForDeploymentPostprocessing = 0;
		};
/* End PBXResourcesBuildPhase section */

/* Begin PBXSourcesBuildPhase section */
		F04848732D98E78B00412FE3 /* Sources */ = {
			isa = PBXSourcesBuildPhase;
			buildActionMask = 2147483647;
			files = (
			);
			runOnlyForDeploymentPostprocessing = 0;
		};
		F04848832D98E78D00412FE3 /* Sources */ = {
			isa = PBXSourcesBuildPhase;
			buildActionMask = 2147483647;
			files = (
			);
			runOnlyForDeploymentPostprocessing = 0;
		};
		F048488D2D98E78D00412FE3 /* Sources */ = {
			isa = PBXSourcesBuildPhase;
			buildActionMask = 2147483647;
			files = (
			);
			runOnlyForDeploymentPostprocessing = 0;
		};
/* End PBXSourcesBuildPhase section */

/* Begin PBXTargetDependency section */
		F04848892D98E78D00412FE3 /* PBXTargetDependency */ = {
			isa = PBXTargetDependency;
			target = F04848762D98E78B00412FE3 /* learn-cam */;
			targetProxy = F04848882D98E78D00412FE3 /* PBXContainerItemProxy */;
		};
		F04848932D98E78D00412FE3 /* PBXTargetDependency */ = {
			isa = PBXTargetDependency;
			target = F04848762D98E78B00412FE3 /* learn-cam */;
			targetProxy = F04848922D98E78D00412FE3 /* PBXContainerItemProxy */;
		};
/* End PBXTargetDependency section */

/* Begin XCBuildConfiguration section */
		F04848992D98E78D00412FE3 /* Debug */ = {
			isa = XCBuildConfiguration;
			baseConfigurationReference = F04848B32D98EB0400412FE3 /* local.xcconfig */;
			buildSettings = {
				ALWAYS_SEARCH_USER_PATHS = NO;
				ASSETCATALOG_COMPILER_GENERATE_SWIFT_ASSET_SYMBOL_EXTENSIONS = YES;
				CLANG_ANALYZER_NONNULL = YES;
				CLANG_ANALYZER_NUMBER_OBJECT_CONVERSION = YES_AGGRESSIVE;
				CLANG_CXX_LANGUAGE_STANDARD = "gnu++20";
				CLANG_ENABLE_MODULES = YES;
				CLANG_ENABLE_OBJC_ARC = YES;
				CLANG_ENABLE_OBJC_WEAK = YES;
				CLANG_WARN_BLOCK_CAPTURE_AUTORELEASING = YES;
				CLANG_WARN_BOOL_CONVERSION = YES;
				CLANG_WARN_COMMA = YES;
				CLANG_WARN_CONSTANT_CONVERSION = YES;
				CLANG_WARN_DEPRECATED_OBJC_IMPLEMENTATIONS = YES;
				CLANG_WARN_DIRECT_OBJC_ISA_USAGE = YES_ERROR;
				CLANG_WARN_DOCUMENTATION_COMMENTS = YES;
				CLANG_WARN_EMPTY_BODY = YES;
				CLANG_WARN_ENUM_CONVERSION = YES;
				CLANG_WARN_INFINITE_RECURSION = YES;
				CLANG_WARN_INT_CONVERSION = YES;
				CLANG_WARN_NON_LITERAL_NULL_CONVERSION = YES;
				CLANG_WARN_OBJC_IMPLICIT_RETAIN_SELF = YES;
				CLANG_WARN_OBJC_LITERAL_CONVERSION = YES;
				CLANG_WARN_OBJC_ROOT_CLASS = YES_ERROR;
				CLANG_WARN_QUOTED_INCLUDE_IN_FRAMEWORK_HEADER = YES;
				CLANG_WARN_RANGE_LOOP_ANALYSIS = YES;
				CLANG_WARN_STRICT_PROTOTYPES = YES;
				CLANG_WARN_SUSPICIOUS_MOVE = YES;
				CLANG_WARN_UNGUARDED_AVAILABILITY = YES_AGGRESSIVE;
				CLANG_WARN_UNREACHABLE_CODE = YES;
				CLANG_WARN__DUPLICATE_METHOD_MATCH = YES;
				COPY_PHASE_STRIP = NO;
				DEBUG_INFORMATION_FORMAT = dwarf;
				ENABLE_STRICT_OBJC_MSGSEND = YES;
				ENABLE_TESTABILITY = YES;
				ENABLE_USER_SCRIPT_SANDBOXING = YES;
				GCC_C_LANGUAGE_STANDARD = gnu17;
				GCC_DYNAMIC_NO_PIC = NO;
				GCC_NO_COMMON_BLOCKS = YES;
				GCC_OPTIMIZATION_LEVEL = 0;
				GCC_PREPROCESSOR_DEFINITIONS = (
					"DEBUG=1",
					"$(inherited)",
				);
				GCC_WARN_64_TO_32_BIT_CONVERSION = YES;
				GCC_WARN_ABOUT_RETURN_TYPE = YES_ERROR;
				GCC_WARN_UNDECLARED_SELECTOR = YES;
				GCC_WARN_UNINITIALIZED_AUTOS = YES_AGGRESSIVE;
				GCC_WARN_UNUSED_FUNCTION = YES;
				GCC_WARN_UNUSED_VARIABLE = YES;
				IPHONEOS_DEPLOYMENT_TARGET = 17.6;
				LOCALIZATION_PREFERS_STRING_CATALOGS = YES;
				MTL_ENABLE_DEBUG_INFO = INCLUDE_SOURCE;
				MTL_FAST_MATH = YES;
				ONLY_ACTIVE_ARCH = YES;
				SDKROOT = iphoneos;
				SWIFT_ACTIVE_COMPILATION_CONDITIONS = "DEBUG $(inherited)";
				SWIFT_OPTIMIZATION_LEVEL = "-Onone";
			};
			name = Debug;
		};
		F048489A2D98E78D00412FE3 /* Release */ = {
			isa = XCBuildConfiguration;
			baseConfigurationReference = F04848B32D98EB0400412FE3 /* local.xcconfig */;
			buildSettings = {
				ALWAYS_SEARCH_USER_PATHS = NO;
				ASSETCATALOG_COMPILER_GENERATE_SWIFT_ASSET_SYMBOL_EXTENSIONS = YES;
				CLANG_ANALYZER_NONNULL = YES;
				CLANG_ANALYZER_NUMBER_OBJECT_CONVERSION = YES_AGGRESSIVE;
				CLANG_CXX_LANGUAGE_STANDARD = "gnu++20";
				CLANG_ENABLE_MODULES = YES;
				CLANG_ENABLE_OBJC_ARC = YES;
				CLANG_ENABLE_OBJC_WEAK = YES;
				CLANG_WARN_BLOCK_CAPTURE_AUTORELEASING = YES;
				CLANG_WARN_BOOL_CONVERSION = YES;
				CLANG_WARN_COMMA = YES;
				CLANG_WARN_CONSTANT_CONVERSION = YES;
				CLANG_WARN_DEPRECATED_OBJC_IMPLEMENTATIONS = YES;
				CLANG_WARN_DIRECT_OBJC_ISA_USAGE = YES_ERROR;
				CLANG_WARN_DOCUMENTATION_COMMENTS = YES;
				CLANG_WARN_EMPTY_BODY = YES;
				CLANG_WARN_ENUM_CONVERSION = YES;
				CLANG_WARN_INFINITE_RECURSION = YES;
				CLANG_WARN_INT_CONVERSION = YES;
				CLANG_WARN_NON_LITERAL_NULL_CONVERSION = YES;
				CLANG_WARN_OBJC_IMPLICIT_RETAIN_SELF = YES;
				CLANG_WARN_OBJC_LITERAL_CONVERSION = YES;
				CLANG_WARN_OBJC_ROOT_CLASS = YES_ERROR;
				CLANG_WARN_QUOTED_INCLUDE_IN_FRAMEWORK_HEADER = YES;
				CLANG_WARN_RANGE_LOOP_ANALYSIS = YES;
				CLANG_WARN_STRICT_PROTOTYPES = YES;
				CLANG_WARN_SUSPICIOUS_MOVE = YES;
				CLANG_WARN_UNGUARDED_AVAILABILITY = YES_AGGRESSIVE;
				CLANG_WARN_UNREACHABLE_CODE = YES;
				CLANG_WARN__DUPLICATE_METHOD_MATCH = YES;
				COPY_PHASE_STRIP = NO;
				DEBUG_INFORMATION_FORMAT = "dwarf-with-dsym";
				ENABLE_NS_ASSERTIONS = NO;
				ENABLE_STRICT_OBJC_MSGSEND = YES;
				ENABLE_USER_SCRIPT_SANDBOXING = YES;
				GCC_C_LANGUAGE_STANDARD = gnu17;
				GCC_NO_COMMON_BLOCKS = YES;
				GCC_WARN_64_TO_32_BIT_CONVERSION = YES;
				GCC_WARN_ABOUT_RETURN_TYPE = YES_ERROR;
				GCC_WARN_UNDECLARED_SELECTOR = YES;
				GCC_WARN_UNINITIALIZED_AUTOS = YES_AGGRESSIVE;
				GCC_WARN_UNUSED_FUNCTION = YES;
				GCC_WARN_UNUSED_VARIABLE = YES;
				IPHONEOS_DEPLOYMENT_TARGET = 17.6;
				LOCALIZATION_PREFERS_STRING_CATALOGS = YES;
				MTL_ENABLE_DEBUG_INFO = NO;
				MTL_FAST_MATH = YES;
				SDKROOT = iphoneos;
				SWIFT_COMPILATION_MODE = wholemodule;
				VALIDATE_PRODUCT = YES;
			};
			name = Release;
		};
		F048489C2D98E78D00412FE3 /* Debug */ = {
			isa = XCBuildConfiguration;
			buildSettings = {
				ASSETCATALOG_COMPILER_APPICON_NAME = AppIcon;
				ASSETCATALOG_COMPILER_GLOBAL_ACCENT_COLOR_NAME = AccentColor;
				CODE_SIGN_STYLE = Automatic;
				CURRENT_PROJECT_VERSION = 1;
				DEVELOPMENT_ASSET_PATHS = "\"learn-cam/Preview Content\"";
				ENABLE_PREVIEWS = YES;
				GENERATE_INFOPLIST_FILE = YES;
				INFOPLIST_KEY_UIApplicationSceneManifest_Generation = YES;
				INFOPLIST_KEY_UIApplicationSupportsIndirectInputEvents = YES;
				INFOPLIST_KEY_UILaunchScreen_Generation = YES;
				INFOPLIST_KEY_UISupportedInterfaceOrientations_iPad = "UIInterfaceOrientationPortrait UIInterfaceOrientationPortraitUpsideDown UIInterfaceOrientationLandscapeLeft UIInterfaceOrientationLandscapeRight";
				INFOPLIST_KEY_UISupportedInterfaceOrientations_iPhone = "UIInterfaceOrientationPortrait UIInterfaceOrientationLandscapeLeft UIInterfaceOrientationLandscapeRight";
				LD_RUNPATH_SEARCH_PATHS = (
					"$(inherited)",
					"@executable_path/Frameworks",
				);
				MARKETING_VERSION = 1.0;
				PRODUCT_NAME = "$(TARGET_NAME)";
				SWIFT_EMIT_LOC_STRINGS = YES;
				SWIFT_VERSION = 5.0;
				TARGETED_DEVICE_FAMILY = 1;
			};
			name = Debug;
		};
		F048489D2D98E78D00412FE3 /* Release */ = {
			isa = XCBuildConfiguration;
			buildSettings = {
				ASSETCATALOG_COMPILER_APPICON_NAME = AppIcon;
				ASSETCATALOG_COMPILER_GLOBAL_ACCENT_COLOR_NAME = AccentColor;
				CODE_SIGN_STYLE = Automatic;
				CURRENT_PROJECT_VERSION = 1;
				DEVELOPMENT_ASSET_PATHS = "\"learn-cam/Preview Content\"";
				ENABLE_PREVIEWS = YES;
				GENERATE_INFOPLIST_FILE = YES;
				INFOPLIST_KEY_UIApplicationSceneManifest_Generation = YES;
				INFOPLIST_KEY_UIApplicationSupportsIndirectInputEvents = YES;
				INFOPLIST_KEY_UILaunchScreen_Generation = YES;
				INFOPLIST_KEY_UISupportedInterfaceOrientations_iPad = "UIInterfaceOrientationPortrait UIInterfaceOrientationPortraitUpsideDown UIInterfaceOrientationLandscapeLeft UIInterfaceOrientationLandscapeRight";
				INFOPLIST_KEY_UISupportedInterfaceOrientations_iPhone = "UIInterfaceOrientationPortrait UIInterfaceOrientationLandscapeLeft UIInterfaceOrientationLandscapeRight";
				LD_RUNPATH_SEARCH_PATHS = (
					"$(inherited)",
					"@executable_path/Frameworks",
				);
				MARKETING_VERSION = 1.0;
				PRODUCT_NAME = "$(TARGET_NAME)";
				SWIFT_EMIT_LOC_STRINGS = YES;
				SWIFT_VERSION = 5.0;
				TARGETED_DEVICE_FAMILY = 1;
			};
			name = Release;
		};
		F048489F2D98E78D00412FE3 /* Debug */ = {
			isa = XCBuildConfiguration;
			buildSettings = {
				BUNDLE_LOADER = "$(TEST_HOST)";
				CODE_SIGN_STYLE = Automatic;
				CURRENT_PROJECT_VERSION = 1;
				GENERATE_INFOPLIST_FILE = YES;
				IPHONEOS_DEPLOYMENT_TARGET = 18.2;
				MARKETING_VERSION = 1.0;
				PRODUCT_NAME = "$(TARGET_NAME)";
				SWIFT_EMIT_LOC_STRINGS = NO;
				SWIFT_VERSION = 5.0;
				TARGETED_DEVICE_FAMILY = "1,2";
				TEST_HOST = "$(BUILT_PRODUCTS_DIR)/learn-cam.app/$(BUNDLE_EXECUTABLE_FOLDER_PATH)/learn-cam";
			};
			name = Debug;
		};
		F04848A02D98E78D00412FE3 /* Release */ = {
			isa = XCBuildConfiguration;
			buildSettings = {
				BUNDLE_LOADER = "$(TEST_HOST)";
				CODE_SIGN_STYLE = Automatic;
				CURRENT_PROJECT_VERSION = 1;
				GENERATE_INFOPLIST_FILE = YES;
				IPHONEOS_DEPLOYMENT_TARGET = 18.2;
				MARKETING_VERSION = 1.0;
				PRODUCT_NAME = "$(TARGET_NAME)";
				SWIFT_EMIT_LOC_STRINGS = NO;
				SWIFT_VERSION = 5.0;
				TARGETED_DEVICE_FAMILY = "1,2";
				TEST_HOST = "$(BUILT_PRODUCTS_DIR)/learn-cam.app/$(BUNDLE_EXECUTABLE_FOLDER_PATH)/learn-cam";
			};
			name = Release;
		};
		F04848A22D98E78D00412FE3 /* Debug */ = {
			isa = XCBuildConfiguration;
			buildSettings = {
				CODE_SIGN_STYLE = Automatic;
				CURRENT_PROJECT_VERSION = 1;
				GENERATE_INFOPLIST_FILE = YES;
				IPHONEOS_DEPLOYMENT_TARGET = 18.2;
				MARKETING_VERSION = 1.0;
				PRODUCT_NAME = "$(TARGET_NAME)";
				SWIFT_EMIT_LOC_STRINGS = NO;
				SWIFT_VERSION = 5.0;
				TARGETED_DEVICE_FAMILY = "1,2";
				TEST_TARGET_NAME = "learn-cam";
			};
			name = Debug;
		};
		F04848A32D98E78D00412FE3 /* Release */ = {
			isa = XCBuildConfiguration;
			buildSettings = {
				CODE_SIGN_STYLE = Automatic;
				CURRENT_PROJECT_VERSION = 1;
				GENERATE_INFOPLIST_FILE = YES;
				IPHONEOS_DEPLOYMENT_TARGET = 18.2;
				MARKETING_VERSION = 1.0;
				PRODUCT_NAME = "$(TARGET_NAME)";
				SWIFT_EMIT_LOC_STRINGS = NO;
				SWIFT_VERSION = 5.0;
				TARGETED_DEVICE_FAMILY = "1,2";
				TEST_TARGET_NAME = "learn-cam";
			};
			name = Release;
		};
/* End XCBuildConfiguration section */

/* Begin XCConfigurationList section */
		F04848722D98E78B00412FE3 /* Build configuration list for PBXProject "learn-cam" */ = {
			isa = XCConfigurationList;
			buildConfigurations = (
				F04848992D98E78D00412FE3 /* Debug */,
				F048489A2D98E78D00412FE3 /* Release */,
			);
			defaultConfigurationIsVisible = 0;
			defaultConfigurationName = Release;
		};
		F048489B2D98E78D00412FE3 /* Build configuration list for PBXNativeTarget "learn-cam" */ = {
			isa = XCConfigurationList;
			buildConfigurations = (
				F048489C2D98E78D00412FE3 /* Debug */,
				F048489D2D98E78D00412FE3 /* Release */,
			);
			defaultConfigurationIsVisible = 0;
			defaultConfigurationName = Release;
		};
		F048489E2D98E78D00412FE3 /* Build configuration list for PBXNativeTarget "learn-camTests" */ = {
			isa = XCConfigurationList;
			buildConfigurations = (
				F048489F2D98E78D00412FE3 /* Debug */,
				F04848A02D98E78D00412FE3 /* Release */,
			);
			defaultConfigurationIsVisible = 0;
			defaultConfigurationName = Release;
		};
		F04848A12D98E78D00412FE3 /* Build configuration list for PBXNativeTarget "learn-camUITests" */ = {
			isa = XCConfigurationList;
			buildConfigurations = (
				F04848A22D98E78D00412FE3 /* Debug */,
				F04848A32D98E78D00412FE3 /* Release */,
			);
			defaultConfigurationIsVisible = 0;
			defaultConfigurationName = Release;
		};
/* End XCConfigurationList section */
	};
	rootObject = F048486F2D98E78B00412FE3 /* Project object */;
}
